
Microsoft Visual Studio Solution File, Format Version 12.00
# Visual Studio Version 17
VisualStudioVersion = 17.7.34018.315
MinimumVisualStudioVersion = 10.0.40219.1
Project("{FAE04EC0-301F-11D3-BF4B-00C04F79EFBC}") = "Tugas Modul", "Tugas Modul\Tugas Modul.csproj", "{7639B3AD-B424-422A-9510-8E249BD4F834}"
EndProject
Global
	GlobalSection(SolutionConfigurationPlatforms) = preSolution
		Debug|Any CPU = Debug|Any CPU
		Release|Any CPU = Release|Any CPU
	EndGlobalSection
	GlobalSection(ProjectConfigurationPlatforms) = postSolution
		{7639B3AD-B424-422A-9510-8E249BD4F834}.Debug|Any CPU.ActiveCfg = Debug|Any CPU
		{7639B3AD-B424-422A-9510-8E249BD4F834}.Debug|Any CPU.Build.0 = Debug|Any CPU
		{7639B3AD-B424-422A-9510-8E249BD4F834}.Release|Any CPU.ActiveCfg = Release|Any CPU
		{7639B3AD-B424-422A-9510-8E249BD4F834}.Release|Any CPU.Build.0 = Release|Any CPU
	EndGlobalSection
	GlobalSection(SolutionProperties) = preSolution
		HideSolutionNode = FALSE
	EndGlobalSection
	GlobalSection(ExtensibilityGlobals) = postSolution
		SolutionGuid = {57BB3E67-964C-44F0-9ACC-69104C60D321}
	EndGlobalSection
EndGlobal
